
Microsoft Visual Studio Solution File, Format Version 12.00
# Visual Studio Version 17
VisualStudioVersion = 17.2.32630.192
MinimumVisualStudioVersion = 10.0.40219.1
Project("{FAE04EC0-301F-11D3-BF4B-00C04F79EFBC}") = "HomeOrganizerApp.Android", "HomeOrganizerApp\HomeOrganizerApp.Android\HomeOrganizerApp.Android.csproj", "{4FE5175D-B28C-4A16-8245-189B3850BB46}"
EndProject
Project("{FAE04EC0-301F-11D3-BF4B-00C04F79EFBC}") = "HomeOrganizerApp.iOS", "HomeOrganizerApp\HomeOrganizerApp.iOS\HomeOrganizerApp.iOS.csproj", "{9815C5CA-4F08-4676-93EA-7E6CF280AAC3}"
EndProject
Project("{FAE04EC0-301F-11D3-BF4B-00C04F79EFBC}") = "HomeOrganizerApp", "HomeOrganizerApp\HomeOrganizerApp\HomeOrganizerApp.csproj", "{0716E3ED-326F-476E-810F-F047A0A301E4}"
EndProject
Global
	GlobalSection(SolutionConfigurationPlatforms) = preSolution
		Debug|Any CPU = Debug|Any CPU
		Debug|iPhone = Debug|iPhone
		Debug|iPhoneSimulator = Debug|iPhoneSimulator
		Release|Any CPU = Release|Any CPU
		Release|iPhone = Release|iPhone
		Release|iPhoneSimulator = Release|iPhoneSimulator
	EndGlobalSection
	GlobalSection(ProjectConfigurationPlatforms) = postSolution
		{4FE5175D-B28C-4A16-8245-189B3850BB46}.Debug|Any CPU.ActiveCfg = Debug|Any CPU
		{4FE5175D-B28C-4A16-8245-189B3850BB46}.Debug|Any CPU.Build.0 = Debug|Any CPU
		{4FE5175D-B28C-4A16-8245-189B3850BB46}.Debug|Any CPU.Deploy.0 = Debug|Any CPU
		{4FE5175D-B28C-4A16-8245-189B3850BB46}.Debug|iPhone.ActiveCfg = Debug|Any CPU
		{4FE5175D-B28C-4A16-8245-189B3850BB46}.Debug|iPhone.Build.0 = Debug|Any CPU
		{4FE5175D-B28C-4A16-8245-189B3850BB46}.Debug|iPhone.Deploy.0 = Debug|Any CPU
		{4FE5175D-B28C-4A16-8245-189B3850BB46}.Debug|iPhoneSimulator.ActiveCfg = Debug|Any CPU
		{4FE5175D-B28C-4A16-8245-189B3850BB46}.Debug|iPhoneSimulator.Build.0 = Debug|Any CPU
		{4FE5175D-B28C-4A16-8245-189B3850BB46}.Debug|iPhoneSimulator.Deploy.0 = Debug|Any CPU
		{4FE5175D-B28C-4A16-8245-189B3850BB46}.Release|Any CPU.ActiveCfg = Release|Any CPU
		{4FE5175D-B28C-4A16-8245-189B3850BB46}.Release|Any CPU.Build.0 = Release|Any CPU
		{4FE5175D-B28C-4A16-8245-189B3850BB46}.Release|Any CPU.Deploy.0 = Release|Any CPU
		{4FE5175D-B28C-4A16-8245-189B3850BB46}.Release|iPhone.ActiveCfg = Release|Any CPU
		{4FE5175D-B28C-4A16-8245-189B3850BB46}.Release|iPhone.Build.0 = Release|Any CPU
		{4FE5175D-B28C-4A16-8245-189B3850BB46}.Release|iPhone.Deploy.0 = Release|Any CPU
		{4FE5175D-B28C-4A16-8245-189B3850BB46}.Release|iPhoneSimulator.ActiveCfg = Release|Any CPU
		{4FE5175D-B28C-4A16-8245-189B3850BB46}.Release|iPhoneSimulator.Build.0 = Release|Any CPU
		{4FE5175D-B28C-4A16-8245-189B3850BB46}.Release|iPhoneSimulator.Deploy.0 = Release|Any CPU
		{9815C5CA-4F08-4676-93EA-7E6CF280AAC3}.Debug|Any CPU.ActiveCfg = Debug|iPhone
		{9815C5CA-4F08-4676-93EA-7E6CF280AAC3}.Debug|Any CPU.Build.0 = Debug|iPhone
		{9815C5CA-4F08-4676-93EA-7E6CF280AAC3}.Debug|Any CPU.Deploy.0 = Debug|iPhone
		{9815C5CA-4F08-4676-93EA-7E6CF280AAC3}.Debug|iPhone.ActiveCfg = Debug|iPhone
		{9815C5CA-4F08-4676-93EA-7E6CF280AAC3}.Debug|iPhone.Build.0 = Debug|iPhone
		{9815C5CA-4F08-4676-93EA-7E6CF280AAC3}.Debug|iPhone.Deploy.0 = Debug|iPhone
		{9815C5CA-4F08-4676-93EA-7E6CF280AAC3}.Debug|iPhoneSimulator.ActiveCfg = Debug|iPhoneSimulator
		{9815C5CA-4F08-4676-93EA-7E6CF280AAC3}.Debug|iPhoneSimulator.Build.0 = Debug|iPhoneSimulator
		{9815C5CA-4F08-4676-93EA-7E6CF280AAC3}.Debug|iPhoneSimulator.Deploy.0 = Debug|iPhoneSimulator
		{9815C5CA-4F08-4676-93EA-7E6CF280AAC3}.Release|Any CPU.ActiveCfg = Release|iPhoneSimulator
		{9815C5CA-4F08-4676-93EA-7E6CF280AAC3}.Release|Any CPU.Build.0 = Release|iPhoneSimulator
		{9815C5CA-4F08-4676-93EA-7E6CF280AAC3}.Release|Any CPU.Deploy.0 = Release|iPhoneSimulator
		{9815C5CA-4F08-4676-93EA-7E6CF280AAC3}.Release|iPhone.ActiveCfg = Release|iPhone
		{9815C5CA-4F08-4676-93EA-7E6CF280AAC3}.Release|iPhone.Build.0 = Release|iPhone
		{9815C5CA-4F08-4676-93EA-7E6CF280AAC3}.Release|iPhone.Deploy.0 = Release|iPhone
		{9815C5CA-4F08-4676-93EA-7E6CF280AAC3}.Release|iPhoneSimulator.ActiveCfg = Release|iPhoneSimulator
		{9815C5CA-4F08-4676-93EA-7E6CF280AAC3}.Release|iPhoneSimulator.Build.0 = Release|iPhoneSimulator
		{9815C5CA-4F08-4676-93EA-7E6CF280AAC3}.Release|iPhoneSimulator.Deploy.0 = Release|iPhoneSimulator
		{0716E3ED-326F-476E-810F-F047A0A301E4}.Debug|Any CPU.ActiveCfg = Debug|Any CPU
		{0716E3ED-326F-476E-810F-F047A0A301E4}.Debug|Any CPU.Build.0 = Debug|Any CPU
		{0716E3ED-326F-476E-810F-F047A0A301E4}.Debug|Any CPU.Deploy.0 = Debug|Any CPU
		{0716E3ED-326F-476E-810F-F047A0A301E4}.Debug|iPhone.ActiveCfg = Debug|Any CPU
		{0716E3ED-326F-476E-810F-F047A0A301E4}.Debug|iPhone.Build.0 = Debug|Any CPU
		{0716E3ED-326F-476E-810F-F047A0A301E4}.Debug|iPhone.Deploy.0 = Debug|Any CPU
		{0716E3ED-326F-476E-810F-F047A0A301E4}.Debug|iPhoneSimulator.ActiveCfg = Debug|Any CPU
		{0716E3ED-326F-476E-810F-F047A0A301E4}.Debug|iPhoneSimulator.Build.0 = Debug|Any CPU
		{0716E3ED-326F-476E-810F-F047A0A301E4}.Debug|iPhoneSimulator.Deploy.0 = Debug|Any CPU
		{0716E3ED-326F-476E-810F-F047A0A301E4}.Release|Any CPU.ActiveCfg = Release|Any CPU
		{0716E3ED-326F-476E-810F-F047A0A301E4}.Release|Any CPU.Build.0 = Release|Any CPU
		{0716E3ED-326F-476E-810F-F047A0A301E4}.Release|Any CPU.Deploy.0 = Release|Any CPU
		{0716E3ED-326F-476E-810F-F047A0A301E4}.Release|iPhone.ActiveCfg = Release|Any CPU
		{0716E3ED-326F-476E-810F-F047A0A301E4}.Release|iPhone.Build.0 = Release|Any CPU
		{0716E3ED-326F-476E-810F-F047A0A301E4}.Release|iPhone.Deploy.0 = Release|Any CPU
		{0716E3ED-326F-476E-810F-F047A0A301E4}.Release|iPhoneSimulator.ActiveCfg = Release|Any CPU
		{0716E3ED-326F-476E-810F-F047A0A301E4}.Release|iPhoneSimulator.Build.0 = Release|Any CPU
		{0716E3ED-326F-476E-810F-F047A0A301E4}.Release|iPhoneSimulator.Deploy.0 = Release|Any CPU
	EndGlobalSection
	GlobalSection(SolutionProperties) = preSolution
		HideSolutionNode = FALSE
	EndGlobalSection
	GlobalSection(ExtensibilityGlobals) = postSolution
		SolutionGuid = {630AA24E-157C-486F-ACA9-38BE98A451FD}
	EndGlobalSection
EndGlobal
